
Microsoft Visual Studio Solution File, Format Version 12.00
# Visual Studio 15
VisualStudioVersion = 15.0.28010.2003
MinimumVisualStudioVersion = 10.0.40219.1
Project("{FAE04EC0-301F-11D3-BF4B-00C04F79EFBC}") = "TPFINAL", "TPFINAL\TPFINAL.csproj", "{D5E14339-8F75-46E2-A72F-C7A214F37FE3}"
EndProject
Global
	GlobalSection(SolutionConfigurationPlatforms) = preSolution
		Debug|Any CPU = Debug|Any CPU
		Release|Any CPU = Release|Any CPU
	EndGlobalSection
	GlobalSection(ProjectConfigurationPlatforms) = postSolution
		{D5E14339-8F75-46E2-A72F-C7A214F37FE3}.Debug|Any CPU.ActiveCfg = Debug|Any CPU
		{D5E14339-8F75-46E2-A72F-C7A214F37FE3}.Debug|Any CPU.Build.0 = Debug|Any CPU
		{D5E14339-8F75-46E2-A72F-C7A214F37FE3}.Release|Any CPU.ActiveCfg = Release|Any CPU
		{D5E14339-8F75-46E2-A72F-C7A214F37FE3}.Release|Any CPU.Build.0 = Release|Any CPU
	EndGlobalSection
	GlobalSection(SolutionProperties) = preSolution
		HideSolutionNode = FALSE
	EndGlobalSection
	GlobalSection(ExtensibilityGlobals) = postSolution
		SolutionGuid = {BE0C0B6F-5ADB-4562-97F1-0192CC8CE874}
	EndGlobalSection
EndGlobal
